<Solution>
  <Folder Name="/samples/">
    <Project Path="samples/ConsoleSamples/ConsoleSamples.csproj" />
  </Folder>
  <Folder Name="/packaging/">
    <Project Path="packaging/runtime/JYPPX.OpenCV.runtime.win-x64/JYPPX.OpenCV.runtime.win-x64.csproj" />
  </Folder>
  <Folder Name="/src/">
    <Project Path="src/OpenCvSharp/OpenCvSharp.csproj" />
  </Folder>
  <Folder Name="/tests/">
    <Project Path="tests/OpenCvSharp.Tests/OpenCvSharp.Tests.csproj" />
  </Folder>
</Solution>
