<Solution>
  <Folder Name="/samples/">
    <Project Path="samples/ConsoleSamples/ConsoleSamples.csproj" />
    <Project Path="samples/PublishedPackageSamples/PublishedPackageSamples.csproj" />
    <Project Path="samples/PublishedPackageSamples/Case01.ImagePipeline/Case01.ImagePipeline.csproj" />
    <Project Path="samples/PublishedPackageSamples/Case02.ChinesePutText/Case02.ChinesePutText.csproj" />
    <Project Path="samples/PublishedPackageSamples/Case03.Contours/Case03.Contours.csproj" />
    <Project Path="samples/PublishedPackageSamples/Case04.OrbFeatures/Case04.OrbFeatures.csproj" />
    <Project Path="samples/PublishedPackageSamples/Case05.TemplateMatching/Case05.TemplateMatching.csproj" />
    <Project Path="samples/PublishedPackageSamples/Case06.KnnClassification/Case06.KnnClassification.csproj" />
  </Folder>
  <Folder Name="/packaging/">
    <Project Path="packaging/runtime/JYPPX.OpenCV.runtime/JYPPX.OpenCV.runtime.csproj" />
  </Folder>
  <Folder Name="/src/">
    <Project Path="src/OpenCvSharp/OpenCvSharp.csproj" />
  </Folder>
  <Folder Name="/tests/">
    <Project Path="tests/OpenCvSharp.Tests/OpenCvSharp.Tests.csproj" />
  </Folder>
</Solution>
