<Solution>
  <Folder Name="/samples/">
    <Project Path="samples/ConsoleSamples/ConsoleSamples.csproj" />
    <Project Path="samples/ImageProcessing/01.ImagePipeline/ImagePipeline.csproj" />
    <Project Path="samples/ImageProcessing/02.ChinesePutText/ChinesePutText.csproj" />
    <Project Path="samples/ImageProcessing/03.Contours/Contours.csproj" />
    <Project Path="samples/ImageProcessing/04.ThresholdMorphology/ThresholdMorphology.csproj" />
    <Project Path="samples/ImageProcessing/05.HistogramEqualization/HistogramEqualization.csproj" />
    <Project Path="samples/ImageProcessing/06.HoughFeatures/HoughFeatures.csproj" />
    <Project Path="samples/Features/01.OrbFeatures/OrbFeatures.csproj" />
    <Project Path="samples/Features/02.TemplateMatching/TemplateMatching.csproj" />
    <Project Path="samples/Features/03.DescriptorMatching/DescriptorMatching.csproj" />
    <Project Path="samples/Geometry/01.PerspectiveTransform/PerspectiveTransform.csproj" />
    <Project Path="samples/Geometry/02.FeatureHomography/FeatureHomography.csproj" />
    <Project Path="samples/Video/01.BackgroundSubtraction/BackgroundSubtraction.csproj" />
    <Project Path="samples/Video/02.OpticalFlow/OpticalFlow.csproj" />
    <Project Path="samples/MachineLearning/01.KnnClassification/KnnClassification.csproj" />
    <Project Path="samples/MachineLearning/02.SvmClassification/SvmClassification.csproj" />
    <Project Path="samples/DeepLearning/01.OnnxInference/OnnxInference.csproj" />
  </Folder>
  <Folder Name="/packaging/">
    <Project Path="packaging/runtime/JYPPX.OpenCV.runtime/JYPPX.OpenCV.runtime.csproj" />
  </Folder>
  <Folder Name="/src/">
    <Project Path="src/OpenCvSharp/OpenCvSharp.csproj" />
  </Folder>
  <Folder Name="/tests/">
    <Project Path="tests/OpenCvSharp.Tests/OpenCvSharp.Tests.csproj" />
  </Folder>
</Solution>
